
Microsoft Visual Studio Solution File, Format Version 12.00
# Visual Studio 15
VisualStudioVersion = 15.0.27130.2020
MinimumVisualStudioVersion = 10.0.40219.1
Project("{FAE04EC0-301F-11D3-BF4B-00C04F79EFBC}") = "Lab1", "Lab1\Lab1.csproj", "{A8A03207-D2ED-4BB7-936B-E1437CAE1F0B}"
EndProject
Project("{FAE04EC0-301F-11D3-BF4B-00C04F79EFBC}") = "Lab2", "Lab2\Lab2.csproj", "{1DEB3A5E-3656-434C-8170-6BA9802BF93C}"
EndProject
Global
	GlobalSection(SolutionConfigurationPlatforms) = preSolution
		Debug|Any CPU = Debug|Any CPU
		Release|Any CPU = Release|Any CPU
	EndGlobalSection
	GlobalSection(ProjectConfigurationPlatforms) = postSolution
		{A8A03207-D2ED-4BB7-936B-E1437CAE1F0B}.Debug|Any CPU.ActiveCfg = Debug|Any CPU
		{A8A03207-D2ED-4BB7-936B-E1437CAE1F0B}.Debug|Any CPU.Build.0 = Debug|Any CPU
		{A8A03207-D2ED-4BB7-936B-E1437CAE1F0B}.Release|Any CPU.ActiveCfg = Release|Any CPU
		{A8A03207-D2ED-4BB7-936B-E1437CAE1F0B}.Release|Any CPU.Build.0 = Release|Any CPU
		{1DEB3A5E-3656-434C-8170-6BA9802BF93C}.Debug|Any CPU.ActiveCfg = Debug|Any CPU
		{1DEB3A5E-3656-434C-8170-6BA9802BF93C}.Debug|Any CPU.Build.0 = Debug|Any CPU
		{1DEB3A5E-3656-434C-8170-6BA9802BF93C}.Release|Any CPU.ActiveCfg = Release|Any CPU
		{1DEB3A5E-3656-434C-8170-6BA9802BF93C}.Release|Any CPU.Build.0 = Release|Any CPU
	EndGlobalSection
	GlobalSection(SolutionProperties) = preSolution
		HideSolutionNode = FALSE
	EndGlobalSection
	GlobalSection(ExtensibilityGlobals) = postSolution
		SolutionGuid = {5BC7795A-E2BE-43A3-AA34-EFD2D769076F}
	EndGlobalSection
EndGlobal
